
Microsoft Visual Studio Solution File, Format Version 12.00
# Visual Studio Version 16
VisualStudioVersion = 16.0.30225.117
MinimumVisualStudioVersion = 10.0.40219.1
Project("{FAE04EC0-301F-11D3-BF4B-00C04F79EFBC}") = "CovidTrackerDesktopApp", "CovidTrackerDesktopApp\CovidTrackerDesktopApp.csproj", "{5EB173CC-D0D7-4283-971F-13B5D242878C}"
EndProject
Global
	GlobalSection(SolutionConfigurationPlatforms) = preSolution
		Debug|Any CPU = Debug|Any CPU
		Release|Any CPU = Release|Any CPU
	EndGlobalSection
	GlobalSection(ProjectConfigurationPlatforms) = postSolution
		{5EB173CC-D0D7-4283-971F-13B5D242878C}.Debug|Any CPU.ActiveCfg = Debug|Any CPU
		{5EB173CC-D0D7-4283-971F-13B5D242878C}.Debug|Any CPU.Build.0 = Debug|Any CPU
		{5EB173CC-D0D7-4283-971F-13B5D242878C}.Release|Any CPU.ActiveCfg = Release|Any CPU
		{5EB173CC-D0D7-4283-971F-13B5D242878C}.Release|Any CPU.Build.0 = Release|Any CPU
	EndGlobalSection
	GlobalSection(SolutionProperties) = preSolution
		HideSolutionNode = FALSE
	EndGlobalSection
	GlobalSection(ExtensibilityGlobals) = postSolution
		SolutionGuid = {D5E07916-585D-41ED-8B69-2861B1744755}
	EndGlobalSection
EndGlobal
